{
  "version": 4,
  "terraform_version": "1.10.5",
  "serial": 73,
  "lineage": "a44515f2-6533-c667-2a7a-7c55533861ca",
  "outputs": {
    "url_app": {
      "value": {
        "conditions": [
          {
            "message": "",
            "reason": "",
            "status": "True",
            "type": "Ready"
          },
          {
            "message": "",
            "reason": "",
            "status": "True",
            "type": "ConfigurationsReady"
          },
          {
            "message": "",
            "reason": "",
            "status": "True",
            "type": "RoutesReady"
          }
        ],
        "latest_created_revision_name": "cloud-run-app-00001-fzv",
        "latest_ready_revision_name": "cloud-run-app-00001-fzv",
        "observed_generation": 1,
        "traffic": [
          {
            "latest_revision": true,
            "percent": 100,
            "revision_name": "cloud-run-app-00001-fzv",
            "tag": "",
            "url": ""
          }
        ],
        "url": "https://cloud-run-app-jjnfm7mdya-ez.a.run.app"
      },
      "type": [
        "object",
        {
          "conditions": [
            "list",
            [
              "object",
              {
                "message": "string",
                "reason": "string",
                "status": "string",
                "type": "string"
              }
            ]
          ],
          "latest_created_revision_name": "string",
          "latest_ready_revision_name": "string",
          "observed_generation": "number",
          "traffic": [
            "list",
            [
              "object",
              {
                "latest_revision": "bool",
                "percent": "number",
                "revision_name": "string",
                "tag": "string",
                "url": "string"
              }
            ]
          ],
          "url": "string"
        }
      ]
    }
  },
  "resources": [
    {
      "mode": "data",
      "type": "google_iam_policy",
      "name": "noauth",
      "provider": "provider[\"registry.terraform.io/hashicorp/google\"]",
      "instances": [
        {
          "schema_version": 0,
          "attributes": {
            "audit_config": null,
            "binding": [
              {
                "condition": [],
                "members": [
                  "allUsers"
                ],
                "role": "roles/run.invoker"
              }
            ],
            "id": "3450855414",
            "policy_data": "{\"bindings\":[{\"members\":[\"allUsers\"],\"role\":\"roles/run.invoker\"}]}"
          },
          "sensitive_attributes": []
        }
      ]
    },
    {
      "mode": "managed",
      "type": "google_cloud_run_service",
      "name": "app_service",
      "provider": "provider[\"registry.terraform.io/hashicorp/google\"]",
      "instances": [
        {
          "schema_version": 2,
          "attributes": {
            "autogenerate_revision_name": false,
            "id": "locations/europe-west4/namespaces/python-flask-443908/services/cloud-run-app",
            "location": "europe-west4",
            "metadata": [
              {
                "annotations": {},
                "effective_annotations": {
                  "run.googleapis.com/ingress": "all",
                  "run.googleapis.com/ingress-status": "all",
                  "run.googleapis.com/operation-id": "434dbd61-75b8-4bef-b580-2353d6f9c8f7",
                  "run.googleapis.com/urls": "[\"https://cloud-run-app-463453676514.europe-west4.run.app\",\"https://cloud-run-app-jjnfm7mdya-ez.a.run.app\"]",
                  "serving.knative.dev/creator": "idouhab072@gmail.com",
                  "serving.knative.dev/lastModifier": "idouhab072@gmail.com"
                },
                "effective_labels": {
                  "cloud.googleapis.com/location": "europe-west4"
                },
                "generation": 1,
                "labels": {},
                "namespace": "python-flask-443908",
                "resource_version": "AAYu8l6FV7c",
                "self_link": "/apis/serving.knative.dev/v1/namespaces/463453676514/services/cloud-run-app",
                "terraform_labels": {},
                "uid": "cb85c960-9d03-44ae-819a-068bd56fca13"
              }
            ],
            "name": "cloud-run-app",
            "project": "python-flask-443908",
            "status": [
              {
                "conditions": [
                  {
                    "message": "",
                    "reason": "",
                    "status": "True",
                    "type": "Ready"
                  },
                  {
                    "message": "",
                    "reason": "",
                    "status": "True",
                    "type": "ConfigurationsReady"
                  },
                  {
                    "message": "",
                    "reason": "",
                    "status": "True",
                    "type": "RoutesReady"
                  }
                ],
                "latest_created_revision_name": "cloud-run-app-00001-fzv",
                "latest_ready_revision_name": "cloud-run-app-00001-fzv",
                "observed_generation": 1,
                "traffic": [
                  {
                    "latest_revision": true,
                    "percent": 100,
                    "revision_name": "cloud-run-app-00001-fzv",
                    "tag": "",
                    "url": ""
                  }
                ],
                "url": "https://cloud-run-app-jjnfm7mdya-ez.a.run.app"
              }
            ],
            "template": [
              {
                "metadata": [
                  {
                    "annotations": {
                      "autoscaling.knative.dev/maxScale": "100"
                    },
                    "generation": 0,
                    "labels": {
                      "run.googleapis.com/startupProbeType": "Default"
                    },
                    "name": "",
                    "namespace": "",
                    "resource_version": "",
                    "self_link": "",
                    "uid": ""
                  }
                ],
                "spec": [
                  {
                    "container_concurrency": 80,
                    "containers": [
                      {
                        "args": null,
                        "command": null,
                        "env": [
                          {
                            "name": "BUCKET",
                            "value": "sto-illies-terr-cicd",
                            "value_from": []
                          }
                        ],
                        "env_from": [],
                        "image": "gcr.io/python-flask-443908/flask-tp-ci-cd",
                        "liveness_probe": [],
                        "name": "",
                        "ports": [
                          {
                            "container_port": 8080,
                            "name": "http1",
                            "protocol": ""
                          }
                        ],
                        "resources": [
                          {
                            "limits": {
                              "cpu": "1000m",
                              "memory": "512Mi"
                            },
                            "requests": {}
                          }
                        ],
                        "startup_probe": [
                          {
                            "failure_threshold": 1,
                            "grpc": [],
                            "http_get": [],
                            "initial_delay_seconds": 0,
                            "period_seconds": 240,
                            "tcp_socket": [
                              {
                                "port": 8080
                              }
                            ],
                            "timeout_seconds": 240
                          }
                        ],
                        "volume_mounts": [],
                        "working_dir": ""
                      }
                    ],
                    "service_account_name": "cloud-run-sa@python-flask-443908.iam.gserviceaccount.com",
                    "serving_state": "",
                    "timeout_seconds": 300,
                    "volumes": []
                  }
                ]
              }
            ],
            "timeouts": null,
            "traffic": [
              {
                "latest_revision": true,
                "percent": 100,
                "revision_name": "",
                "tag": "",
                "url": ""
              }
            ]
          },
          "sensitive_attributes": [],
          "private": "eyJlMmJmYjczMC1lY2FhLTExZTYtOGY4OC0zNDM2M2JjN2M0YzAiOnsiY3JlYXRlIjoxMjAwMDAwMDAwMDAwLCJkZWxldGUiOjEyMDAwMDAwMDAwMDAsInVwZGF0ZSI6MTIwMDAwMDAwMDAwMH0sInNjaGVtYV92ZXJzaW9uIjoiMiJ9",
          "dependencies": [
            "google_service_account.cloud_run_sa"
          ]
        }
      ]
    },
    {
      "mode": "managed",
      "type": "google_cloud_run_service_iam_policy",
      "name": "noauth",
      "provider": "provider[\"registry.terraform.io/hashicorp/google\"]",
      "instances": [
        {
          "schema_version": 0,
          "attributes": {
            "etag": "BwYu8l6nIdA=",
            "id": "v1/projects/python-flask-443908/locations/europe-west4/services/cloud-run-app",
            "location": "europe-west4",
            "policy_data": "{\"bindings\":[{\"members\":[\"allUsers\"],\"role\":\"roles/run.invoker\"}]}",
            "project": "python-flask-443908",
            "service": "v1/projects/python-flask-443908/locations/europe-west4/services/cloud-run-app"
          },
          "sensitive_attributes": [],
          "private": "bnVsbA==",
          "dependencies": [
            "data.google_iam_policy.noauth",
            "google_cloud_run_service.app_service",
            "google_service_account.cloud_run_sa"
          ]
        }
      ]
    },
    {
      "mode": "managed",
      "type": "google_project_iam_binding",
      "name": "cloud_run_access",
      "provider": "provider[\"registry.terraform.io/hashicorp/google\"]",
      "instances": [
        {
          "schema_version": 0,
          "attributes": {
            "condition": [],
            "etag": "BwYuFdst39M=",
            "id": "python-flask-443908/roles/storage.objectViewer",
            "members": [
              "serviceAccount:cloud-run-sa@python-flask-443908.iam.gserviceaccount.com"
            ],
            "project": "python-flask-443908",
            "role": "roles/storage.objectViewer"
          },
          "sensitive_attributes": [],
          "private": "bnVsbA==",
          "dependencies": [
            "google_service_account.cloud_run_sa"
          ]
        }
      ]
    },
    {
      "mode": "managed",
      "type": "google_service_account",
      "name": "cloud_run_sa",
      "provider": "provider[\"registry.terraform.io/hashicorp/google\"]",
      "instances": [
        {
          "schema_version": 0,
          "attributes": {
            "account_id": "cloud-run-sa",
            "create_ignore_already_exists": null,
            "description": "",
            "disabled": false,
            "display_name": "Cloud Run Service Account",
            "email": "cloud-run-sa@python-flask-443908.iam.gserviceaccount.com",
            "id": "projects/python-flask-443908/serviceAccounts/cloud-run-sa@python-flask-443908.iam.gserviceaccount.com",
            "member": "serviceAccount:cloud-run-sa@python-flask-443908.iam.gserviceaccount.com",
            "name": "projects/python-flask-443908/serviceAccounts/cloud-run-sa@python-flask-443908.iam.gserviceaccount.com",
            "project": "python-flask-443908",
            "timeouts": null,
            "unique_id": "117743802565543544665"
          },
          "sensitive_attributes": [],
          "private": "eyJlMmJmYjczMC1lY2FhLTExZTYtOGY4OC0zNDM2M2JjN2M0YzAiOnsiY3JlYXRlIjozMDAwMDAwMDAwMDB9fQ=="
        }
      ]
    },
    {
      "mode": "managed",
      "type": "google_service_account_key",
      "name": "cloud_run_sa_key",
      "provider": "provider[\"registry.terraform.io/hashicorp/google\"]",
      "instances": [
        {
          "schema_version": 0,
          "attributes": {
            "id": "projects/python-flask-443908/serviceAccounts/cloud-run-sa@python-flask-443908.iam.gserviceaccount.com/keys/e227c44f06795122970647b438c63d9b545ff9a4",
            "keepers": null,
            "key_algorithm": "KEY_ALG_RSA_2048",
            "name": "projects/python-flask-443908/serviceAccounts/cloud-run-sa@python-flask-443908.iam.gserviceaccount.com/keys/e227c44f06795122970647b438c63d9b545ff9a4",
            "private_key": "ewogICJ0eXBlIjogInNlcnZpY2VfYWNjb3VudCIsCiAgInByb2plY3RfaWQiOiAicHl0aG9uLWZsYXNrLTQ0MzkwOCIsCiAgInByaXZhdGVfa2V5X2lkIjogImUyMjdjNDRmMDY3OTUxMjI5NzA2NDdiNDM4YzYzZDliNTQ1ZmY5YTQiLAogICJwcml2YXRlX2tleSI6ICItLS0tLUJFR0lOIFBSSVZBVEUgS0VZLS0tLS1cbk1JSUV2UUlCQURBTkJna3Foa2lHOXcwQkFRRUZBQVNDQktjd2dnU2pBZ0VBQW9JQkFRREtOYml4NkVsTGZpUmdcblh4eGJVcTdHSnUwUW56dXpMQlhvc3hONHBWR0FmSjByblFhZDhERjJLSTliRk5qajNzcnVoWEFvNWtHNE5tZVlcblRjQVNZd0lUYU5zMlBub0h2TFpiZDJxVHM1cXhoelc4bCtQZ2lyd2tMUjBqWUN0UExNMk92UVpIc1Z3cnJZM2xcbnJjK3lWWHJkVzBzK2tjdkRMaFpNbXBMc2F6cm9nclVXNWNRK3hlc2dBeUNvOUZrbGJ5d0dYdWVNRzFjbzJid0dcbnd2MUxhMWZzT1BwR0ZhajlEWWZUVUJjTXphQkFPVEdoYVJqTWduZ09ETG9sYXpPRG5LNDUxUXN1MjB1cGY0WUpcbjJMT0tPTVNBYW1Mb3pEblExKzBYeWh2ZDR4VWVoSE5uZ3MvWFR1WGo1elZ0a0FsS2tvaHlHZG1zVit6NHBDbTBcbjRGcWpjZGpKQWdNQkFBRUNnZ0VBTWhXUlRCdDlRQUliNzNUUFdMMUhoZFB4WnVzUnhlUzIvbjZRWlpNSTkxcW1cbk1UM0EvRkNZWjZ4UEtaK2x3dmNWYTNQSW5wQzltV3Q4U0VpRnVPZ21CUG0xUmgrK2FQa3diOEpKdHhERzBZN3NcblcreUJLRVlrcUk4MkJ1T1VocFZSeXJkOS9UYnNYZk1zVU1XMnluU0tySlltc25ZNU1ueFJVS0wrbmlsSEczeUdcbitaS05uZUJNSy84Qk9meDlsR0h1YWx6ZzlCSUdBZi9uajQyejdtRG9TNjl4bHFNODcxZDR6SGhsaG45U0VPcVBcbjhCVGE3WXBFWVZWRHhmb3Y3bzBHREw5ZUgrTHR3emlqWVRFaVlLRXR5ditGVjZEYWhyZnpDR2lXOVlTT1VLZnJcblU3VWhQUWZ0d2UxNldxbDVsajFRVWhNV1ZkQitKS09HYXZPS2JKanFpUUtCZ1FEL1ZScEs1YmFLS0tEcllyR2JcbitGUm00SHVrcU5sa21GKzA3YWJibVg0MHArLzVEV0tzU3JsS3VHRk1HWTY0ZzdNVGxtZHVGYk4yVnNwbGV5MUlcbkhjMFlGdXFqKzA1RlFhQ0I2UzJmSDg4RGp1SXdBQlpLMkhtMURUaHhlUTFDU0ZOQmNISGdmM2g4elZ5UGdGMnJcbjJ6M0RKUEpLKzNHTy9jZVpJWmQvTVdqcnJRS0JnUURLdlJBcEw1V0tYRElrbXRZVHNHZUpyZkFrSEp2TTgxaHJcblRIaW95V05TVlZSbEZzZGlzWFNMQTViQWp4SmtHLzJYY2MvYXd2Y0F0bnZxamhkd3JGaThaR080NWUwUEkvS2dcbkpLcDh2RTFnRTRWbTdUL2s3bENFbWwrV1lRYS9VU05MSUI1SktkRE1wczB5VlFESERuL3pSbTRCMGRMK1NkREtcbmVuSTUzd0dGRFFLQmdFTytaSmR5a3hmYzU3VU1IbXR2VzVWZ0FlNFNEbnV1SWRaekowNGtUMlBSR3M1TlN0ekRcbmhwM1loWmdYUDlLY3ZxcDN3VUZuNkpHQlBYbm5VSUJOeDlpWVcvRGVBRXBIdXpvOGo2b2tXbHhyVUgvRHhpWmRcbmdRMFVVT0ZxYUtZcFlrMStjL2hJV2NOakNTZlp1d0NaenEwejVFVVlxV3h5MEw1RU4xbTcxa2FSQW9HQkFMTDBcbnFpUkF2WFpSSlczTVF2VkVQRkI2ZWNQV2dPd3JUVHdCVjJ4ZHY4ODRSUE9xWkx0SU9zQk9uYTVCWEJHRDU1ZmJcbnZZYXpuQVpFRGlPZjR5N3c0cThBeWttMm8wYy9DdmF6QnM1dUJMcXU0STFYRkpSR2pFcFFYZG5Hc1ljRTN1dDhcbllWOWhpczVxMml2NGZtUTI5MWhOTGVOclRCeHNHZUh3clkxSnZQU3RBb0dBTTM2WWkzUTRUaXpRRk9GcjhPcUtcbmN2NGM1VkhpODVKOVp1OGxWdzlLemIwVk5aNE1PUEcwak16UXI0ZnpveG1yTVp4VkFkaEVDTWYvVWQ0TUN4YUhcbnBFckpBNkRrNXFOejdrT2ZNWEhUNU5HRGgvMXYybUZYZGd2dWh0V2oxY3B6blQwZmk4UFZtMWRobDQ4bWl1T1Rcbi9Jb1BsdFJBK2RYeUtJR1k1eEVwcHdRPVxuLS0tLS1FTkQgUFJJVkFURSBLRVktLS0tLVxuIiwKICAiY2xpZW50X2VtYWlsIjogImNsb3VkLXJ1bi1zYUBweXRob24tZmxhc2stNDQzOTA4LmlhbS5nc2VydmljZWFjY291bnQuY29tIiwKICAiY2xpZW50X2lkIjogIjExNzc0MzgwMjU2NTU0MzU0NDY2NSIsCiAgImF1dGhfdXJpIjogImh0dHBzOi8vYWNjb3VudHMuZ29vZ2xlLmNvbS9vL29hdXRoMi9hdXRoIiwKICAidG9rZW5fdXJpIjogImh0dHBzOi8vb2F1dGgyLmdvb2dsZWFwaXMuY29tL3Rva2VuIiwKICAiYXV0aF9wcm92aWRlcl94NTA5X2NlcnRfdXJsIjogImh0dHBzOi8vd3d3Lmdvb2dsZWFwaXMuY29tL29hdXRoMi92MS9jZXJ0cyIsCiAgImNsaWVudF94NTA5X2NlcnRfdXJsIjogImh0dHBzOi8vd3d3Lmdvb2dsZWFwaXMuY29tL3JvYm90L3YxL21ldGFkYXRhL3g1MDkvY2xvdWQtcnVuLXNhJTQwcHl0aG9uLWZsYXNrLTQ0MzkwOC5pYW0uZ3NlcnZpY2VhY2NvdW50LmNvbSIsCiAgInVuaXZlcnNlX2RvbWFpbiI6ICJnb29nbGVhcGlzLmNvbSIKfQo=",
            "private_key_type": "TYPE_GOOGLE_CREDENTIALS_FILE",
            "public_key": "LS0tLS1CRUdJTiBDRVJUSUZJQ0FURS0tLS0tCk1JSUMvRENDQWVTZ0F3SUJBZ0lJQWVUNDlVMFRLMjh3RFFZSktvWklodmNOQVFFRkJRQXdJREVlTUJ3R0ExVUUKQXd3Vk1URTNOelF6T0RBeU5UWTFOVFF6TlRRME5qWTFNQ0FYRFRJMU1ERXhOekV3TURJd09Gb1lEems1T1RreApNak14TWpNMU9UVTVXakFnTVI0d0hBWURWUVFEREJVeE1UYzNORE00TURJMU5qVTFORE0xTkRRMk5qVXdnZ0VpCk1BMEdDU3FHU0liM0RRRUJBUVVBQTRJQkR3QXdnZ0VLQW9JQkFRREtOYml4NkVsTGZpUmdYeHhiVXE3R0p1MFEKbnp1ekxCWG9zeE40cFZHQWZKMHJuUWFkOERGMktJOWJGTmpqM3NydWhYQW81a0c0Tm1lWVRjQVNZd0lUYU5zMgpQbm9IdkxaYmQycVRzNXF4aHpXOGwrUGdpcndrTFIwallDdFBMTTJPdlFaSHNWd3JyWTNscmMreVZYcmRXMHMrCmtjdkRMaFpNbXBMc2F6cm9nclVXNWNRK3hlc2dBeUNvOUZrbGJ5d0dYdWVNRzFjbzJid0d3djFMYTFmc09QcEcKRmFqOURZZlRVQmNNemFCQU9UR2hhUmpNZ25nT0RMb2xhek9Ebks0NTFRc3UyMHVwZjRZSjJMT0tPTVNBYW1Mbwp6RG5RMSswWHlodmQ0eFVlaEhObmdzL1hUdVhqNXpWdGtBbEtrb2h5R2Rtc1YrejRwQ20wNEZxamNkakpBZ01CCkFBR2pPREEyTUF3R0ExVWRFd0VCL3dRQ01BQXdEZ1lEVlIwUEFRSC9CQVFEQWdlQU1CWUdBMVVkSlFFQi93UU0KTUFvR0NDc0dBUVVGQndNQ01BMEdDU3FHU0liM0RRRUJCUVVBQTRJQkFRQ2JtNGpMSnR2UndpNmFaUndCZFVWUgppRkQvKzR1VTBad1lEQXMyQklzSTFhKy9zbXU1SnpiN2RPVDd0ZjhBQklvMzdtdDNOUldyRHlIU29IRU0waGgvCml4ZTF3Y0lITW9HUTY0N01HNzIydHgxL3gzMEhuZ2NKbytjMXpJWXQ5akNiNHlPa2tpVG5YZTJjRzkvbGRxaXgKM3E1V0wzNktEV2ZzQVNtcDgxTkZ0b0JiaWNLQ24rc29USS9ScWZlV1V0WmgvT0lScmt6YUwzeVBjd0NoV0VETgo0c3NTQ29ROEdpd1c4enBHZzVHRHl1SWRqN2o1TUd2NjRRMlUzc1pySlR0NEk1Q0ovTFg3eXFwQTJvemFsWDVOCldOTGo3M3o4cm02dnBlaXBuRGhiYlZjelg3NmpGY29yaDBPWXgxaUI3RDNIdUorZlJlRHBQRWJhQXRZWVl1bUoKLS0tLS1FTkQgQ0VSVElGSUNBVEUtLS0tLQo=",
            "public_key_data": null,
            "public_key_type": "TYPE_X509_PEM_FILE",
            "service_account_id": "projects/python-flask-443908/serviceAccounts/cloud-run-sa@python-flask-443908.iam.gserviceaccount.com",
            "valid_after": "2025-01-17T10:02:08Z",
            "valid_before": "9999-12-31T23:59:59Z"
          },
          "sensitive_attributes": [
            [
              {
                "type": "get_attr",
                "value": "private_key"
              }
            ]
          ],
          "private": "bnVsbA==",
          "dependencies": [
            "google_service_account.cloud_run_sa"
          ]
        }
      ]
    },
    {
      "mode": "managed",
      "type": "google_storage_bucket",
      "name": "sto_illies",
      "provider": "provider[\"registry.terraform.io/hashicorp/google\"]",
      "instances": [
        {
          "schema_version": 3,
          "attributes": {
            "autoclass": [],
            "cors": [],
            "custom_placement_config": [],
            "default_event_based_hold": false,
            "effective_labels": {
              "goog-terraform-provisioned": "true"
            },
            "enable_object_retention": false,
            "encryption": [],
            "force_destroy": false,
            "hierarchical_namespace": [
              {
                "enabled": false
              }
            ],
            "id": "sto-illies-terr-cicd",
            "labels": {},
            "lifecycle_rule": [
              {
                "action": [
                  {
                    "storage_class": "",
                    "type": "Delete"
                  }
                ],
                "condition": [
                  {
                    "age": 5,
                    "created_before": "",
                    "custom_time_before": "",
                    "days_since_custom_time": 0,
                    "days_since_noncurrent_time": 0,
                    "matches_prefix": [],
                    "matches_storage_class": [],
                    "matches_suffix": [],
                    "noncurrent_time_before": "",
                    "num_newer_versions": 0,
                    "send_age_if_zero": false,
                    "send_days_since_custom_time_if_zero": false,
                    "send_days_since_noncurrent_time_if_zero": false,
                    "send_num_newer_versions_if_zero": false,
                    "with_state": "ANY"
                  }
                ]
              }
            ],
            "location": "EUROPE-WEST4",
            "logging": [],
            "name": "sto-illies-terr-cicd",
            "project": "python-flask-443908",
            "project_number": 463453676514,
            "public_access_prevention": "inherited",
            "requester_pays": false,
            "retention_policy": [],
            "rpo": null,
            "self_link": "https://www.googleapis.com/storage/v1/b/sto-illies-terr-cicd",
            "soft_delete_policy": [
              {
                "effective_time": "2025-02-25T07:04:13.530Z",
                "retention_duration_seconds": 604800
              }
            ],
            "storage_class": "STANDARD",
            "terraform_labels": {
              "goog-terraform-provisioned": "true"
            },
            "timeouts": null,
            "uniform_bucket_level_access": false,
            "url": "gs://sto-illies-terr-cicd",
            "versioning": [
              {
                "enabled": true
              }
            ],
            "website": []
          },
          "sensitive_attributes": [],
          "private": "eyJlMmJmYjczMC1lY2FhLTExZTYtOGY4OC0zNDM2M2JjN2M0YzAiOnsiY3JlYXRlIjo2MDAwMDAwMDAwMDAsInJlYWQiOjI0MDAwMDAwMDAwMCwidXBkYXRlIjoyNDAwMDAwMDAwMDB9LCJzY2hlbWFfdmVyc2lvbiI6IjMifQ=="
        }
      ]
    }
  ],
  "check_results": null
}
