{
  "version": 4,
  "terraform_version": "1.10.5",
  "serial": 14,
  "lineage": "453686ca-72f2-9053-89ef-5620563d4c05",
  "outputs": {
    "url_app": {
      "value": {
        "conditions": [
          {
            "message": "",
            "reason": "",
            "status": "True",
            "type": "Ready"
          },
          {
            "message": "",
            "reason": "",
            "status": "True",
            "type": "ConfigurationsReady"
          },
          {
            "message": "",
            "reason": "",
            "status": "True",
            "type": "RoutesReady"
          }
        ],
        "latest_created_revision_name": "cloud-run-app-00001-q4w",
        "latest_ready_revision_name": "cloud-run-app-00001-q4w",
        "observed_generation": 1,
        "traffic": [
          {
            "latest_revision": true,
            "percent": 100,
            "revision_name": "cloud-run-app-00001-q4w",
            "tag": "",
            "url": ""
          }
        ],
        "url": "https://cloud-run-app-jjnfm7mdya-ez.a.run.app"
      },
      "type": [
        "object",
        {
          "conditions": [
            "list",
            [
              "object",
              {
                "message": "string",
                "reason": "string",
                "status": "string",
                "type": "string"
              }
            ]
          ],
          "latest_created_revision_name": "string",
          "latest_ready_revision_name": "string",
          "observed_generation": "number",
          "traffic": [
            "list",
            [
              "object",
              {
                "latest_revision": "bool",
                "percent": "number",
                "revision_name": "string",
                "tag": "string",
                "url": "string"
              }
            ]
          ],
          "url": "string"
        }
      ]
    }
  },
  "resources": [
    {
      "mode": "data",
      "type": "google_iam_policy",
      "name": "noauth",
      "provider": "provider[\"registry.terraform.io/hashicorp/google\"]",
      "instances": [
        {
          "schema_version": 0,
          "attributes": {
            "audit_config": null,
            "binding": [
              {
                "condition": [],
                "members": [
                  "allUsers"
                ],
                "role": "roles/run.invoker"
              }
            ],
            "id": "3450855414",
            "policy_data": "{\"bindings\":[{\"members\":[\"allUsers\"],\"role\":\"roles/run.invoker\"}]}"
          },
          "sensitive_attributes": []
        }
      ]
    },
    {
      "mode": "managed",
      "type": "google_cloud_run_service",
      "name": "app_service",
      "provider": "provider[\"registry.terraform.io/hashicorp/google\"]",
      "instances": [
        {
          "schema_version": 2,
          "attributes": {
            "autogenerate_revision_name": false,
            "id": "locations/europe-west4/namespaces/python-flask-443908/services/cloud-run-app",
            "location": "europe-west4",
            "metadata": [
              {
                "annotations": {},
                "effective_annotations": {
                  "run.googleapis.com/ingress": "all",
                  "run.googleapis.com/ingress-status": "all",
                  "run.googleapis.com/operation-id": "d72f0014-1776-4438-a56e-c4c64231cc86",
                  "run.googleapis.com/urls": "[\"https://cloud-run-app-463453676514.europe-west4.run.app\",\"https://cloud-run-app-jjnfm7mdya-ez.a.run.app\"]",
                  "serving.knative.dev/creator": "idouhab072@gmail.com",
                  "serving.knative.dev/lastModifier": "idouhab072@gmail.com"
                },
                "effective_labels": {
                  "cloud.googleapis.com/location": "europe-west4"
                },
                "generation": 1,
                "labels": {},
                "namespace": "python-flask-443908",
                "resource_version": "AAYu9HY+Gxs",
                "self_link": "/apis/serving.knative.dev/v1/namespaces/463453676514/services/cloud-run-app",
                "terraform_labels": {},
                "uid": "e59b3c79-b1c1-4847-be0b-99dc45d18aa6"
              }
            ],
            "name": "cloud-run-app",
            "project": "python-flask-443908",
            "status": [
              {
                "conditions": [
                  {
                    "message": "",
                    "reason": "",
                    "status": "True",
                    "type": "Ready"
                  },
                  {
                    "message": "",
                    "reason": "",
                    "status": "True",
                    "type": "ConfigurationsReady"
                  },
                  {
                    "message": "",
                    "reason": "",
                    "status": "True",
                    "type": "RoutesReady"
                  }
                ],
                "latest_created_revision_name": "cloud-run-app-00001-q4w",
                "latest_ready_revision_name": "cloud-run-app-00001-q4w",
                "observed_generation": 1,
                "traffic": [
                  {
                    "latest_revision": true,
                    "percent": 100,
                    "revision_name": "cloud-run-app-00001-q4w",
                    "tag": "",
                    "url": ""
                  }
                ],
                "url": "https://cloud-run-app-jjnfm7mdya-ez.a.run.app"
              }
            ],
            "template": [
              {
                "metadata": [
                  {
                    "annotations": {
                      "autoscaling.knative.dev/maxScale": "100"
                    },
                    "generation": 0,
                    "labels": {
                      "run.googleapis.com/startupProbeType": "Default"
                    },
                    "name": "",
                    "namespace": "",
                    "resource_version": "",
                    "self_link": "",
                    "uid": ""
                  }
                ],
                "spec": [
                  {
                    "container_concurrency": 80,
                    "containers": [
                      {
                        "args": null,
                        "command": null,
                        "env": [
                          {
                            "name": "BUCKET",
                            "value": "sto-illies-terr-cicd",
                            "value_from": []
                          }
                        ],
                        "env_from": [],
                        "image": "gcr.io/python-flask-443908/flask-tp-ci-cd",
                        "liveness_probe": [],
                        "name": "",
                        "ports": [
                          {
                            "container_port": 8080,
                            "name": "http1",
                            "protocol": ""
                          }
                        ],
                        "resources": [
                          {
                            "limits": {
                              "cpu": "1000m",
                              "memory": "512Mi"
                            },
                            "requests": {}
                          }
                        ],
                        "startup_probe": [
                          {
                            "failure_threshold": 1,
                            "grpc": [],
                            "http_get": [],
                            "initial_delay_seconds": 0,
                            "period_seconds": 240,
                            "tcp_socket": [
                              {
                                "port": 8080
                              }
                            ],
                            "timeout_seconds": 240
                          }
                        ],
                        "volume_mounts": [],
                        "working_dir": ""
                      }
                    ],
                    "service_account_name": "cloud-run-sa@python-flask-443908.iam.gserviceaccount.com",
                    "serving_state": "",
                    "timeout_seconds": 300,
                    "volumes": []
                  }
                ]
              }
            ],
            "timeouts": null,
            "traffic": [
              {
                "latest_revision": true,
                "percent": 100,
                "revision_name": "",
                "tag": "",
                "url": ""
              }
            ]
          },
          "sensitive_attributes": [],
          "private": "eyJlMmJmYjczMC1lY2FhLTExZTYtOGY4OC0zNDM2M2JjN2M0YzAiOnsiY3JlYXRlIjoxMjAwMDAwMDAwMDAwLCJkZWxldGUiOjEyMDAwMDAwMDAwMDAsInVwZGF0ZSI6MTIwMDAwMDAwMDAwMH0sInNjaGVtYV92ZXJzaW9uIjoiMiJ9",
          "dependencies": [
            "google_service_account.cloud_run_sa"
          ]
        }
      ]
    },
    {
      "mode": "managed",
      "type": "google_cloud_run_service_iam_policy",
      "name": "noauth",
      "provider": "provider[\"registry.terraform.io/hashicorp/google\"]",
      "instances": [
        {
          "schema_version": 0,
          "attributes": {
            "etag": "BwYu9HaoIe0=",
            "id": "v1/projects/python-flask-443908/locations/europe-west4/services/cloud-run-app",
            "location": "europe-west4",
            "policy_data": "{\"bindings\":[{\"members\":[\"allUsers\"],\"role\":\"roles/run.invoker\"}]}",
            "project": "python-flask-443908",
            "service": "v1/projects/python-flask-443908/locations/europe-west4/services/cloud-run-app"
          },
          "sensitive_attributes": [],
          "private": "bnVsbA==",
          "dependencies": [
            "data.google_iam_policy.noauth",
            "google_cloud_run_service.app_service",
            "google_service_account.cloud_run_sa"
          ]
        }
      ]
    },
    {
      "mode": "managed",
      "type": "google_project_iam_binding",
      "name": "cloud_run_access",
      "provider": "provider[\"registry.terraform.io/hashicorp/google\"]",
      "instances": [
        {
          "schema_version": 0,
          "attributes": {
            "condition": [],
            "etag": "BwYu9HXhdoc=",
            "id": "python-flask-443908/roles/storage.objectViewer",
            "members": [
              "serviceAccount:cloud-run-sa@python-flask-443908.iam.gserviceaccount.com"
            ],
            "project": "python-flask-443908",
            "role": "roles/storage.objectViewer"
          },
          "sensitive_attributes": [],
          "private": "bnVsbA==",
          "dependencies": [
            "google_service_account.cloud_run_sa"
          ]
        }
      ]
    },
    {
      "mode": "managed",
      "type": "google_service_account",
      "name": "cloud_run_sa",
      "provider": "provider[\"registry.terraform.io/hashicorp/google\"]",
      "instances": [
        {
          "schema_version": 0,
          "attributes": {
            "account_id": "cloud-run-sa",
            "create_ignore_already_exists": null,
            "description": "",
            "disabled": false,
            "display_name": "Cloud Run Service Account",
            "email": "cloud-run-sa@python-flask-443908.iam.gserviceaccount.com",
            "id": "projects/python-flask-443908/serviceAccounts/cloud-run-sa@python-flask-443908.iam.gserviceaccount.com",
            "member": "serviceAccount:cloud-run-sa@python-flask-443908.iam.gserviceaccount.com",
            "name": "projects/python-flask-443908/serviceAccounts/cloud-run-sa@python-flask-443908.iam.gserviceaccount.com",
            "project": "python-flask-443908",
            "timeouts": null,
            "unique_id": "101764216956386029415"
          },
          "sensitive_attributes": [],
          "private": "eyJlMmJmYjczMC1lY2FhLTExZTYtOGY4OC0zNDM2M2JjN2M0YzAiOnsiY3JlYXRlIjozMDAwMDAwMDAwMDB9fQ=="
        }
      ]
    },
    {
      "mode": "managed",
      "type": "google_service_account_key",
      "name": "cloud_run_sa_key",
      "provider": "provider[\"registry.terraform.io/hashicorp/google\"]",
      "instances": [
        {
          "schema_version": 0,
          "attributes": {
            "id": "projects/python-flask-443908/serviceAccounts/cloud-run-sa@python-flask-443908.iam.gserviceaccount.com/keys/f2547e3028deb1ca1e2a3c17b41e98f912c2b129",
            "keepers": null,
            "key_algorithm": "KEY_ALG_RSA_2048",
            "name": "projects/python-flask-443908/serviceAccounts/cloud-run-sa@python-flask-443908.iam.gserviceaccount.com/keys/f2547e3028deb1ca1e2a3c17b41e98f912c2b129",
            "private_key": "ewogICJ0eXBlIjogInNlcnZpY2VfYWNjb3VudCIsCiAgInByb2plY3RfaWQiOiAicHl0aG9uLWZsYXNrLTQ0MzkwOCIsCiAgInByaXZhdGVfa2V5X2lkIjogImYyNTQ3ZTMwMjhkZWIxY2ExZTJhM2MxN2I0MWU5OGY5MTJjMmIxMjkiLAogICJwcml2YXRlX2tleSI6ICItLS0tLUJFR0lOIFBSSVZBVEUgS0VZLS0tLS1cbk1JSUV2UUlCQURBTkJna3Foa2lHOXcwQkFRRUZBQVNDQktjd2dnU2pBZ0VBQW9JQkFRRFd3ZzhFc3JBeU1nK3JcbmRZazdEblVNVGNodytGVXgyajJJN3ZURGdlRmtYdUFFRUppREQ3M1k0QlVIOVJKWjFpVi9NZ1lnMW56bUJFOFJcblBJK2ZXcmkvUTFhYUt1OG5sSVVBbGRyTDVYOFV0MC9PTkRCZlIrSG9CZHMxYWJ5eDl2aUhVM3NMZWtiaElIWDdcbnJmYWFlRUt0OGZBOTVSMGlXVjVlaG1ZcG5aK290YXlneXRnZHNFNlcxY01JalpFcStQWnZPR2VBNWZMKzQ2Y09cbjBwc29XL3czR3ZaWWo5RG5qa0IrYS8xaGFldlZvMnpwN2FKWlZmZTV5MzladXl5blA4aXZ3SjFqNVJmYWdGSWhcbmcvUEMzTUEyODRtUnU1cURPWEJmeXoyQXRQcmdzSWN5Z1gxZGkzaC9WZ3ZsMDA0SWpmREhLWXc2UHVHUWs0Q21cblZSWHV0V1pOQWdNQkFBRUNnZ0VBSU5PL2kzS0w4OVJLcUdVYVFieDdRRkw0ZDJwQ1RaRkVWRFRnbGF6NkNNZG1cbjIwQTFLOTJCWWRBWTd1TXpkNmVBQ2xJWmRUWU1GL1hqSnltWWM1Mmd2VjI3OUd0cExLWHJjYlEyWW5IMWE3Tjhcbm43TEREU0YyQXVzNFA1RW0zcFkzbGFuNVZqOE43Qll6NnJHRUQwY2dQQ29PRk12N21OZEwwVXVlZkxDREtmeTVcbmIyWnNHbW5JUk42ZFdHOTVRZncvMy9RMmZkZG5MTXNsL0FDdHZnR3crVEFoL1M3R3JyN1BNeVQrZS95b3A2N1Ncbi9EZEV6aGtLSzZJKzgyTXJrM29LZHpVOTlDaWZOS2sxdnBsTjFUNlFnckpqeGMrQkY2ZEZqRFpya0t2Vm5iZDBcbkl3Rjh4K1dXejNvd0VlS3p4RW4xOEI3WXlqQWx0aDJFTTVwd25UZ1dDUUtCZ1FENTNKbDlzWjJTQmVTV1RKSTRcbjBVbHJDQ05yK0ZXV0RHS0pEdUw4SG1odk5ZSVFvWHdYZTh5Ui9PUHdJZ21KeE1veXNMN0hmWmx2TzM1bWxGT3pcbmFpRDZWL3pBa1l2WEowbnJlMnNnYmp4WHRkMjhXNncxUWNYTU1tenhlK3B4cnhVVUgzRnZ1OVVJQWV5aWxXQmFcbnNpRCtTL3Q5dFhYNVlXTEQ3K0ZYSzRMNFdRS0JnUURjQ0xCeStsMUdXbGo2aEtYYWdFeHcya0xJeEl5NzRMUWtcbmlBKzVjZUpBTmhQUGhPNmNFSUh1UFkwWWNvYmZBYW5KanU1NExya0UyY0FsNGpValpaOFhmOWsvYUZvNkxzcGZcbkEwc2pVTHRzL1NGRGZmb0NQeCtTL2Z3R24yekRIL1hBSmZhdE1xU0tHMUlBaTNSQm5qcHlCMWlpRHJsVmdCalFcbitYY3UzMzVmRlFLQmdRREJzQnNnRDdhWkFvNXZZRTRkVTBkNWUrYVJoUUU3ZnNCSGhNMjZLUXhGNFJIQk9KMU1cblN3Q0t6cUlYZlJzdHUrb09IMnJVaysyRUIzZDFwMWUzQmZjb2VWcUtJSWxwc0tBaHRodVdHVDRYcy9oK1VnWU5cbmhyNEJDN25kL0hRQnlub3BqakpPTGluMnVoOG83V2l6QmRDRHNIejB0dDBNQTAwZm5HMXZPR0NmaVFLQmdEU0RcbldtRkdnV1pkLzZoaWFoYlkwZVdKSWJFNnYzL0RaQnJuNGlEWEhqRkc5cmxyTjJ0RndVeXpvZTM0djFtUDB3N0lcbnJ2ODkzMmhaODdMVzV1bTR3aHhncGQrdEx3TjkwVXlWdzZQOUM0NDZaMnJ0TVBMQ1QrM0w4Zzgra3oyS2JpTmFcbnJDR3YyWGNnaUJTYk03YkpaWmQ3UzFyNStwOStQKzMzNjhyakNnejFBb0dBZkp3UDkzVnhCR3oyaE8yMDRQZzZcbm1HMHR0VDN0WE50ek1mUlA5endZSUdib0luRCtsNWdWSU0vdzRuTXI2dVBYUXdRUHVRZjlwRnRuQ3YyaW95K3JcbktxVy9taklWcEJuVVhVc09LMGIrTnFOSXVidVoxSG5SajM0cHZXSW9zZFBaUWovVXkwZnozUldVb1N3RTd0RVFcbk1sbWxpbTNYMHQraFJuWEJmZHJKS084PVxuLS0tLS1FTkQgUFJJVkFURSBLRVktLS0tLVxuIiwKICAiY2xpZW50X2VtYWlsIjogImNsb3VkLXJ1bi1zYUBweXRob24tZmxhc2stNDQzOTA4LmlhbS5nc2VydmljZWFjY291bnQuY29tIiwKICAiY2xpZW50X2lkIjogIjEwMTc2NDIxNjk1NjM4NjAyOTQxNSIsCiAgImF1dGhfdXJpIjogImh0dHBzOi8vYWNjb3VudHMuZ29vZ2xlLmNvbS9vL29hdXRoMi9hdXRoIiwKICAidG9rZW5fdXJpIjogImh0dHBzOi8vb2F1dGgyLmdvb2dsZWFwaXMuY29tL3Rva2VuIiwKICAiYXV0aF9wcm92aWRlcl94NTA5X2NlcnRfdXJsIjogImh0dHBzOi8vd3d3Lmdvb2dsZWFwaXMuY29tL29hdXRoMi92MS9jZXJ0cyIsCiAgImNsaWVudF94NTA5X2NlcnRfdXJsIjogImh0dHBzOi8vd3d3Lmdvb2dsZWFwaXMuY29tL3JvYm90L3YxL21ldGFkYXRhL3g1MDkvY2xvdWQtcnVuLXNhJTQwcHl0aG9uLWZsYXNrLTQ0MzkwOC5pYW0uZ3NlcnZpY2VhY2NvdW50LmNvbSIsCiAgInVuaXZlcnNlX2RvbWFpbiI6ICJnb29nbGVhcGlzLmNvbSIKfQo=",
            "private_key_type": "TYPE_GOOGLE_CREDENTIALS_FILE",
            "public_key": "LS0tLS1CRUdJTiBDRVJUSUZJQ0FURS0tLS0tCk1JSUMvRENDQWVTZ0F3SUJBZ0lJVXhzTmxpY0hYSnN3RFFZSktvWklodmNOQVFFRkJRQXdJREVlTUJ3R0ExVUUKQXd3Vk1UQXhOelkwTWpFMk9UVTJNemcyTURJNU5ERTFNQ0FYRFRJMU1ESXlOVEE1TlRVME1Gb1lEems1T1RreApNak14TWpNMU9UVTVXakFnTVI0d0hBWURWUVFEREJVeE1ERTNOalF5TVRZNU5UWXpPRFl3TWprME1UVXdnZ0VpCk1BMEdDU3FHU0liM0RRRUJBUVVBQTRJQkR3QXdnZ0VLQW9JQkFRRFd3ZzhFc3JBeU1nK3JkWWs3RG5VTVRjaHcKK0ZVeDJqMkk3dlREZ2VGa1h1QUVFSmlERDczWTRCVUg5UkpaMWlWL01nWWcxbnptQkU4UlBJK2ZXcmkvUTFhYQpLdThubElVQWxkckw1WDhVdDAvT05EQmZSK0hvQmRzMWFieXg5dmlIVTNzTGVrYmhJSFg3cmZhYWVFS3Q4ZkE5CjVSMGlXVjVlaG1ZcG5aK290YXlneXRnZHNFNlcxY01JalpFcStQWnZPR2VBNWZMKzQ2Y08wcHNvVy93M0d2WlkKajlEbmprQithLzFoYWV2Vm8yenA3YUpaVmZlNXkzOVp1eXluUDhpdndKMWo1UmZhZ0ZJaGcvUEMzTUEyODRtUgp1NXFET1hCZnl6MkF0UHJnc0ljeWdYMWRpM2gvVmd2bDAwNElqZkRIS1l3NlB1R1FrNENtVlJYdXRXWk5BZ01CCkFBR2pPREEyTUF3R0ExVWRFd0VCL3dRQ01BQXdEZ1lEVlIwUEFRSC9CQVFEQWdlQU1CWUdBMVVkSlFFQi93UU0KTUFvR0NDc0dBUVVGQndNQ01BMEdDU3FHU0liM0RRRUJCUVVBQTRJQkFRQWJLTkZVRDVzY2pyTDJXbUlkZnViTwpDbWlqSXQ1RUM0NHMvbTVveHJ6RlhqeDdxRlJhUi9udkFkMXd1VElhMjFlUkFRM1FuTUJ2QXgzeE1BVVMySUpjClk5NitYN3M5Q29TLzYvNGM1VnVzN3d3NWt0REJFUXFZd0Jia2J5TUQ2RGY0bSttb21MZGJCU2wrS25IUk1QWUUKeHR0UHJxREtHcS9IcHJxMndLNUExdUF3WTBGV0gxYWZPblMybVBSNjBnK0JNM2ZUTzNFck1lb0ExTGpHUGZmMApuMHZVSTBMSENFeWhsYXM2bzdhTTBmUUxFaVdDY0VraFEyVUs3eWhxVmQ3WFh5NDhUa2VIdG1ZVU1ueFIvWHRsCndpZnI2VEIzSGlnbEUzZ0VTdkNRVENuRVk3bEJsdGYvL0k0N2lwQ1JySzQreUJsQ3R0N0NSRHk3NldnNnRhdkkKLS0tLS1FTkQgQ0VSVElGSUNBVEUtLS0tLQo=",
            "public_key_data": null,
            "public_key_type": "TYPE_X509_PEM_FILE",
            "service_account_id": "projects/python-flask-443908/serviceAccounts/cloud-run-sa@python-flask-443908.iam.gserviceaccount.com",
            "valid_after": "2025-02-25T09:55:40Z",
            "valid_before": "9999-12-31T23:59:59Z"
          },
          "sensitive_attributes": [
            [
              {
                "type": "get_attr",
                "value": "private_key"
              }
            ]
          ],
          "private": "bnVsbA==",
          "dependencies": [
            "google_service_account.cloud_run_sa"
          ]
        }
      ]
    }
  ],
  "check_results": null
}
